[root]
name = "mntn"
version = "0.1.0"
dependencies = [
 "cocoa 0.5.2 (registry+https://github.com/rust-lang/crates.io-index)",
 "core-graphics 0.4.2 (registry+https://github.com/rust-lang/crates.io-index)",
 "freetype 0.1.0 (git+https://github.com/servo/rust-freetype?rev=d564ff9)",
 "log 0.3.6 (registry+https://github.com/rust-lang/crates.io-index)",
 "objc 0.2.2 (registry+https://github.com/rust-lang/crates.io-index)",
]

[[package]]
name = "bitflags"
version = "0.7.0"
source = "registry+https://github.com/rust-lang/crates.io-index"

[[package]]
name = "block"
version = "0.1.6"
source = "registry+https://github.com/rust-lang/crates.io-index"

[[package]]
name = "cocoa"
version = "0.5.2"
source = "registry+https://github.com/rust-lang/crates.io-index"
dependencies = [
 "bitflags 0.7.0 (registry+https://github.com/rust-lang/crates.io-index)",
 "block 0.1.6 (registry+https://github.com/rust-lang/crates.io-index)",
 "core-graphics 0.4.2 (registry+https://github.com/rust-lang/crates.io-index)",
 "libc 0.2.18 (registry+https://github.com/rust-lang/crates.io-index)",
 "objc 0.2.2 (registry+https://github.com/rust-lang/crates.io-index)",
]

[[package]]
name = "core-foundation"
version = "0.2.2"
source = "registry+https://github.com/rust-lang/crates.io-index"
dependencies = [
 "core-foundation-sys 0.2.2 (registry+https://github.com/rust-lang/crates.io-index)",
 "libc 0.2.18 (registry+https://github.com/rust-lang/crates.io-index)",
]

[[package]]
name = "core-foundation-sys"
version = "0.2.2"
source = "registry+https://github.com/rust-lang/crates.io-index"
dependencies = [
 "libc 0.2.18 (registry+https://github.com/rust-lang/crates.io-index)",
]

[[package]]
name = "core-graphics"
version = "0.4.2"
source = "registry+https://github.com/rust-lang/crates.io-index"
dependencies = [
 "core-foundation 0.2.2 (registry+https://github.com/rust-lang/crates.io-index)",
 "libc 0.2.18 (registry+https://github.com/rust-lang/crates.io-index)",
 "serde 0.8.20 (registry+https://github.com/rust-lang/crates.io-index)",
]

[[package]]
name = "freetype"
version = "0.1.0"
source = "git+https://github.com/servo/rust-freetype?rev=d564ff9#d564ff90a3c69d987f5c015d7ec034cfaee21aff"
dependencies = [
 "libc 0.2.18 (registry+https://github.com/rust-lang/crates.io-index)",
]

[[package]]
name = "gcc"
version = "0.3.40"
source = "registry+https://github.com/rust-lang/crates.io-index"

[[package]]
name = "libc"
version = "0.2.18"
source = "registry+https://github.com/rust-lang/crates.io-index"

[[package]]
name = "log"
version = "0.3.6"
source = "registry+https://github.com/rust-lang/crates.io-index"

[[package]]
name = "malloc_buf"
version = "0.0.6"
source = "registry+https://github.com/rust-lang/crates.io-index"
dependencies = [
 "libc 0.2.18 (registry+https://github.com/rust-lang/crates.io-index)",
]

[[package]]
name = "objc"
version = "0.2.2"
source = "registry+https://github.com/rust-lang/crates.io-index"
dependencies = [
 "malloc_buf 0.0.6 (registry+https://github.com/rust-lang/crates.io-index)",
 "objc_exception 0.1.1 (registry+https://github.com/rust-lang/crates.io-index)",
]

[[package]]
name = "objc_exception"
version = "0.1.1"
source = "registry+https://github.com/rust-lang/crates.io-index"
dependencies = [
 "gcc 0.3.40 (registry+https://github.com/rust-lang/crates.io-index)",
]

[[package]]
name = "serde"
version = "0.8.20"
source = "registry+https://github.com/rust-lang/crates.io-index"

[metadata]
"checksum bitflags 0.7.0 (registry+https://github.com/rust-lang/crates.io-index)" = "aad18937a628ec6abcd26d1489012cc0e18c21798210f491af69ded9b881106d"
"checksum block 0.1.6 (registry+https://github.com/rust-lang/crates.io-index)" = "0d8c1fef690941d3e7788d328517591fecc684c084084702d6ff1641e993699a"
"checksum cocoa 0.5.2 (registry+https://github.com/rust-lang/crates.io-index)" = "1e1be5fd98bb7e8ef0eea233a4984f4e85ecdcfa002a90b8b12b7a20faf44dc1"
"checksum core-foundation 0.2.2 (registry+https://github.com/rust-lang/crates.io-index)" = "20a6d0448d3a99d977ae4a2aa5a98d886a923e863e81ad9ff814645b6feb3bbd"
"checksum core-foundation-sys 0.2.2 (registry+https://github.com/rust-lang/crates.io-index)" = "05eed248dc504a5391c63794fe4fb64f46f071280afaa1b73308f3c0ce4574c5"
"checksum core-graphics 0.4.2 (registry+https://github.com/rust-lang/crates.io-index)" = "66e998abb8823fecd2a8a7205429b17a340d447d8c69b3bce86846dcdea3e33b"
"checksum freetype 0.1.0 (git+https://github.com/servo/rust-freetype?rev=d564ff9)" = "<none>"
"checksum gcc 0.3.40 (registry+https://github.com/rust-lang/crates.io-index)" = "872db9e59486ef2b14f8e8c10e9ef02de2bccef6363d7f34835dedb386b3d950"
"checksum libc 0.2.18 (registry+https://github.com/rust-lang/crates.io-index)" = "a51822fc847e7a8101514d1d44e354ba2ffa7d4c194dcab48870740e327cac70"
"checksum log 0.3.6 (registry+https://github.com/rust-lang/crates.io-index)" = "ab83497bf8bf4ed2a74259c1c802351fcd67a65baa86394b6ba73c36f4838054"
"checksum malloc_buf 0.0.6 (registry+https://github.com/rust-lang/crates.io-index)" = "62bb907fe88d54d8d9ce32a3cceab4218ed2f6b7d35617cafe9adf84e43919cb"
"checksum objc 0.2.2 (registry+https://github.com/rust-lang/crates.io-index)" = "877f30f37acef6749b1841cceab289707f211aecfc756553cd63976190e6cc2e"
"checksum objc_exception 0.1.1 (registry+https://github.com/rust-lang/crates.io-index)" = "098cd29a2fa3c230d3463ae069cecccc3fdfd64c0d2496ab5b96f82dab6a00dc"
"checksum serde 0.8.20 (registry+https://github.com/rust-lang/crates.io-index)" = "793aa8d4a777e46a68bbf88998cd957e638427ba5bfb0de22c92ff277b65bd21"
